
Microsoft Visual Studio Solution File, Format Version 12.00
# Visual Studio Version 16
VisualStudioVersion = 16.0.29613.14
MinimumVisualStudioVersion = 10.0.40219.1
Project("{FAE04EC0-301F-11D3-BF4B-00C04F79EFBC}") = "JSON2CSV", "JSON2CSV.csproj", "{5DE6E2D6-46E6-41E4-A293-90A06FA63970}"
EndProject
Global
	GlobalSection(SolutionConfigurationPlatforms) = preSolution
		Debug|Any CPU = Debug|Any CPU
		Release|Any CPU = Release|Any CPU
	EndGlobalSection
	GlobalSection(ProjectConfigurationPlatforms) = postSolution
		{5DE6E2D6-46E6-41E4-A293-90A06FA63970}.Debug|Any CPU.ActiveCfg = Debug|Any CPU
		{5DE6E2D6-46E6-41E4-A293-90A06FA63970}.Debug|Any CPU.Build.0 = Debug|Any CPU
		{5DE6E2D6-46E6-41E4-A293-90A06FA63970}.Release|Any CPU.ActiveCfg = Release|Any CPU
		{5DE6E2D6-46E6-41E4-A293-90A06FA63970}.Release|Any CPU.Build.0 = Release|Any CPU
	EndGlobalSection
	GlobalSection(SolutionProperties) = preSolution
		HideSolutionNode = FALSE
	EndGlobalSection
	GlobalSection(ExtensibilityGlobals) = postSolution
		SolutionGuid = {26B56141-BE08-43C1-93AD-2DC183F56153}
	EndGlobalSection
EndGlobal
